
Microsoft Visual Studio Solution File, Format Version 12.00
# Visual Studio 2012
Project("{8BC9CEB8-8B4A-11D0-8D11-00A0C91BC942}") = "FunctionFun", "FunctionFun\FunctionFun.vcxproj", "{1388E4B7-FFED-45ED-BEEB-1215082AB34F}"
EndProject
Global
	GlobalSection(SolutionConfigurationPlatforms) = preSolution
		Debug|Win32 = Debug|Win32
		Release|Win32 = Release|Win32
	EndGlobalSection
	GlobalSection(ProjectConfigurationPlatforms) = postSolution
		{1388E4B7-FFED-45ED-BEEB-1215082AB34F}.Debug|Win32.ActiveCfg = Debug|Win32
		{1388E4B7-FFED-45ED-BEEB-1215082AB34F}.Debug|Win32.Build.0 = Debug|Win32
		{1388E4B7-FFED-45ED-BEEB-1215082AB34F}.Release|Win32.ActiveCfg = Release|Win32
		{1388E4B7-FFED-45ED-BEEB-1215082AB34F}.Release|Win32.Build.0 = Release|Win32
	EndGlobalSection
	GlobalSection(SolutionProperties) = preSolution
		HideSolutionNode = FALSE
	EndGlobalSection
EndGlobal
